{
  "requires": true,
  "lockfileVersion": 1,
  "dependencies": {
    "cloudform-types": {
      "version": "4.0.0-alpha.0",
      "resolved": "https://registry.npmjs.org/cloudform-types/-/cloudform-types-4.0.0-alpha.0.tgz",
      "integrity": "sha512-ArTVisCpujo2w5LWEy1m+uRQAPO5G5Vv7S+MKKbeVcIE6om9Ouci4ME6W72mDsZSuu6pXmAyJTtQ5nDvrQzocA=="
    }
  }
}
